<?xml version="1.0" encoding="utf-8"?>
<Project ToolsVersion="4.0" xmlns="http://schemas.microsoft.com/developer/msbuild/2003">
  <ItemGroup>
    <Filter Include="Source Files">
      <UniqueIdentifier>{6159cbc2-37b5-4c27-93eb-43c940f50466}</UniqueIdentifier>
    </Filter>
    <Filter Include="Header Files">
      <UniqueIdentifier>{bd0f7a41-8bee-404d-819e-55f0352b6c58}</UniqueIdentifier>
    </Filter>
    <Filter Include="Resource Files">
      <UniqueIdentifier>{613bc0c8-3d13-4f93-9536-4a2b699f7032}</UniqueIdentifier>
    </Filter>
    <Filter Include="KeePassLibCpp">
      <UniqueIdentifier>{c1608d53-8f50-43c4-95e0-d726b0b0a058}</UniqueIdentifier>
    </Filter>
    <Filter Include="KeePassLibCpp\Crypto">
      <UniqueIdentifier>{9bbb553e-fefa-45ac-a239-cbd0af5130f1}</UniqueIdentifier>
    </Filter>
    <Filter Include="KeePassLibCpp\Crypto\SHA2">
      <UniqueIdentifier>{1be8dd74-c6a3-443a-b560-2618f2597671}</UniqueIdentifier>
    </Filter>
    <Filter Include="KeePassLibCpp\DataExchange">
      <UniqueIdentifier>{7272512e-9fd7-403b-9371-f208aeb61951}</UniqueIdentifier>
    </Filter>
    <Filter Include="KeePassLibCpp\SysSpec_Windows">
      <UniqueIdentifier>{d0fa3635-32c9-45b6-9804-6029f2085f29}</UniqueIdentifier>
    </Filter>
    <Filter Include="KeePassLibCpp\Util">
      <UniqueIdentifier>{7857d25d-565f-435a-8d11-4925d6627939}</UniqueIdentifier>
    </Filter>
    <Filter Include="KeePassLibCpp\PasswordGenerator">
      <UniqueIdentifier>{2ae398c2-7d58-460a-ab2a-c9c8ae08352c}</UniqueIdentifier>
    </Filter>
    <Filter Include="KeePassLibCpp\Details">
      <UniqueIdentifier>{d975564e-681f-4257-82c5-e776d2ae2bce}</UniqueIdentifier>
    </Filter>
    <Filter Include="KeePassLibCpp\SDK">
      <UniqueIdentifier>{f38e08c0-e2db-442c-9f5a-7ee62657b717}</UniqueIdentifier>
    </Filter>
    <Filter Include="KeePassLibCpp\SDK\Details">
      <UniqueIdentifier>{1c20d827-1b24-43eb-ad68-be97f52714b3}</UniqueIdentifier>
    </Filter>
    <Filter Include="KeePassLibCpp\IO">
      <UniqueIdentifier>{bee7c818-053c-4af6-a658-36f70dd1a747}</UniqueIdentifier>
    </Filter>
    <Filter Include="KeePassAPI">
      <UniqueIdentifier>{0c430075-b837-4b5d-a96f-e9cebfc9b8e3}</UniqueIdentifier>
    </Filter>
  </ItemGroup>
  <ItemGroup>
    <ClCompile Include="KeePassLib.cpp">
      <Filter>Source Files</Filter>
    </ClCompile>
    <ClCompile Include="StdAfx.cpp">
      <Filter>Source Files</Filter>
    </ClCompile>
    <ClCompile Include="..\KeePassLibCpp\PwCompat.cpp">
      <Filter>KeePassLibCpp</Filter>
    </ClCompile>
    <ClCompile Include="..\KeePassLibCpp\PwManager.cpp">
      <Filter>KeePassLibCpp</Filter>
    </ClCompile>
    <ClCompile Include="..\KeePassLibCpp\Crypto\ARCFour.cpp">
      <Filter>KeePassLibCpp\Crypto</Filter>
    </ClCompile>
    <ClCompile Include="..\KeePassLibCpp\Crypto\KeyTransform.cpp">
      <Filter>KeePassLibCpp\Crypto</Filter>
    </ClCompile>
    <ClCompile Include="..\KeePassLibCpp\Crypto\KeyTransform_BCrypt.cpp">
      <Filter>KeePassLibCpp\Crypto</Filter>
    </ClCompile>
    <ClCompile Include="..\KeePassLibCpp\Crypto\MemoryProtectionEx.cpp">
      <Filter>KeePassLibCpp\Crypto</Filter>
    </ClCompile>
    <ClCompile Include="..\KeePassLibCpp\Crypto\Rijndael.cpp">
      <Filter>KeePassLibCpp\Crypto</Filter>
    </ClCompile>
    <ClCompile Include="..\KeePassLibCpp\Crypto\TestImpl.cpp">
      <Filter>KeePassLibCpp\Crypto</Filter>
    </ClCompile>
    <ClCompile Include="..\KeePassLibCpp\Crypto\Twofish.cpp">
      <Filter>KeePassLibCpp\Crypto</Filter>
    </ClCompile>
    <ClCompile Include="..\KeePassLibCpp\Crypto\TwofishClass.cpp">
      <Filter>KeePassLibCpp\Crypto</Filter>
    </ClCompile>
    <ClCompile Include="..\KeePassLibCpp\Crypto\SHA2\SHA2.cpp">
      <Filter>KeePassLibCpp\Crypto\SHA2</Filter>
    </ClCompile>
    <ClCompile Include="..\KeePassLibCpp\DataExchange\PwExport.cpp">
      <Filter>KeePassLibCpp\DataExchange</Filter>
    </ClCompile>
    <ClCompile Include="..\KeePassLibCpp\DataExchange\PwImport.cpp">
      <Filter>KeePassLibCpp\DataExchange</Filter>
    </ClCompile>
    <ClCompile Include="..\KeePassLibCpp\SysSpec_Windows\AppUtil.cpp">
      <Filter>KeePassLibCpp\SysSpec_Windows</Filter>
    </ClCompile>
    <ClCompile Include="..\KeePassLibCpp\SysSpec_Windows\NewRandom.cpp">
      <Filter>KeePassLibCpp\SysSpec_Windows</Filter>
    </ClCompile>
    <ClCompile Include="..\KeePassLibCpp\SysSpec_Windows\StrUtilEx.cpp">
      <Filter>KeePassLibCpp\SysSpec_Windows</Filter>
    </ClCompile>
    <ClCompile Include="..\KeePassLibCpp\Util\Base64.cpp">
      <Filter>KeePassLibCpp\Util</Filter>
    </ClCompile>
    <ClCompile Include="..\KeePassLibCpp\Util\ComUtil.cpp">
      <Filter>KeePassLibCpp\Util</Filter>
    </ClCompile>
    <ClCompile Include="..\KeePassLibCpp\Util\EntryUtil.cpp">
      <Filter>KeePassLibCpp\Util</Filter>
    </ClCompile>
    <ClCompile Include="..\KeePassLibCpp\Util\FileTransactionEx.cpp">
      <Filter>KeePassLibCpp\Util</Filter>
    </ClCompile>
    <ClCompile Include="..\KeePassLibCpp\Util\MemUtil.cpp">
      <Filter>KeePassLibCpp\Util</Filter>
    </ClCompile>
    <ClCompile Include="..\KeePassLibCpp\Util\PopularPasswords.cpp">
      <Filter>KeePassLibCpp\Util</Filter>
    </ClCompile>
    <ClCompile Include="..\KeePassLibCpp\Util\PwQualityEst.cpp">
      <Filter>KeePassLibCpp\Util</Filter>
    </ClCompile>
    <ClCompile Include="..\KeePassLibCpp\Util\PwUtil.cpp">
      <Filter>KeePassLibCpp\Util</Filter>
    </ClCompile>
    <ClCompile Include="..\KeePassLibCpp\Util\StrUtil.cpp">
      <Filter>KeePassLibCpp\Util</Filter>
    </ClCompile>
    <ClCompile Include="..\KeePassLibCpp\Util\TranslateEx.cpp">
      <Filter>KeePassLibCpp\Util</Filter>
    </ClCompile>
    <ClCompile Include="..\KeePassLibCpp\PasswordGenerator\CharSetBasedGenerator.cpp">
      <Filter>KeePassLibCpp\PasswordGenerator</Filter>
    </ClCompile>
    <ClCompile Include="..\KeePassLibCpp\PasswordGenerator\PasswordGenerator.cpp">
      <Filter>KeePassLibCpp\PasswordGenerator</Filter>
    </ClCompile>
    <ClCompile Include="..\KeePassLibCpp\PasswordGenerator\PatternBasedGenerator.cpp">
      <Filter>KeePassLibCpp\PasswordGenerator</Filter>
    </ClCompile>
    <ClCompile Include="..\KeePassLibCpp\PasswordGenerator\PwCharSet.cpp">
      <Filter>KeePassLibCpp\PasswordGenerator</Filter>
    </ClCompile>
    <ClCompile Include="..\KeePassLibCpp\Details\PwCompatImpl.cpp">
      <Filter>KeePassLibCpp\Details</Filter>
    </ClCompile>
    <ClCompile Include="..\KeePassLibCpp\Details\PwFileImpl.cpp">
      <Filter>KeePassLibCpp\Details</Filter>
    </ClCompile>
    <ClCompile Include="..\KeePassLibCpp\Details\PwFindImpl.cpp">
      <Filter>KeePassLibCpp\Details</Filter>
    </ClCompile>
    <ClCompile Include="..\KeePassLibCpp\IO\KpInternetStream.cpp">
      <Filter>KeePassLibCpp\IO</Filter>
    </ClCompile>
    <ClCompile Include="..\KeePassLibCpp\IO\KpMemoryStream.cpp">
      <Filter>KeePassLibCpp\IO</Filter>
    </ClCompile>
    <ClCompile Include="..\KeePassLibCpp\IO\KpStream.cpp">
      <Filter>KeePassLibCpp\IO</Filter>
    </ClCompile>
    <ClCompile Include="KeePassAPI\LibraryAPI.cpp">
      <Filter>KeePassAPI</Filter>
    </ClCompile>
    <ClCompile Include="KeePassAPI\ManagerAPI.cpp">
      <Filter>KeePassAPI</Filter>
    </ClCompile>
    <ClCompile Include="KeePassAPI\StructAPI.cpp">
      <Filter>KeePassAPI</Filter>
    </ClCompile>
  </ItemGroup>
  <ItemGroup>
    <None Include="KeePassLib.def">
      <Filter>Source Files</Filter>
    </None>
    <None Include="res\KeePassLib.rc2">
      <Filter>Resource Files</Filter>
    </None>
  </ItemGroup>
  <ItemGroup>
    <ResourceCompile Include="KeePassLib.rc">
      <Filter>Source Files</Filter>
    </ResourceCompile>
  </ItemGroup>
  <ItemGroup>
    <ClInclude Include="KeePassLib.h">
      <Filter>Header Files</Filter>
    </ClInclude>
    <ClInclude Include="Resource.h">
      <Filter>Header Files</Filter>
    </ClInclude>
    <ClInclude Include="StdAfx.h">
      <Filter>Header Files</Filter>
    </ClInclude>
    <ClInclude Include="..\KeePassLibCpp\PwCompat.h">
      <Filter>KeePassLibCpp</Filter>
    </ClInclude>
    <ClInclude Include="..\KeePassLibCpp\PwManager.h">
      <Filter>KeePassLibCpp</Filter>
    </ClInclude>
    <ClInclude Include="..\KeePassLibCpp\PwStructs.h">
      <Filter>KeePassLibCpp</Filter>
    </ClInclude>
    <ClInclude Include="..\KeePassLibCpp\PwStructsEx.h">
      <Filter>KeePassLibCpp</Filter>
    </ClInclude>
    <ClInclude Include="..\KeePassLibCpp\SysDefEx.h">
      <Filter>KeePassLibCpp</Filter>
    </ClInclude>
    <ClInclude Include="..\KeePassLibCpp\Crypto\ARCFour.h">
      <Filter>KeePassLibCpp\Crypto</Filter>
    </ClInclude>
    <ClInclude Include="..\KeePassLibCpp\Crypto\KeyTransform.h">
      <Filter>KeePassLibCpp\Crypto</Filter>
    </ClInclude>
    <ClInclude Include="..\KeePassLibCpp\Crypto\KeyTransform_BCrypt.h">
      <Filter>KeePassLibCpp\Crypto</Filter>
    </ClInclude>
    <ClInclude Include="..\KeePassLibCpp\Crypto\MemoryProtectionEx.h">
      <Filter>KeePassLibCpp\Crypto</Filter>
    </ClInclude>
    <ClInclude Include="..\KeePassLibCpp\Crypto\Rijndael.h">
      <Filter>KeePassLibCpp\Crypto</Filter>
    </ClInclude>
    <ClInclude Include="..\KeePassLibCpp\Crypto\TestImpl.h">
      <Filter>KeePassLibCpp\Crypto</Filter>
    </ClInclude>
    <ClInclude Include="..\KeePassLibCpp\Crypto\Twofish.h">
      <Filter>KeePassLibCpp\Crypto</Filter>
    </ClInclude>
    <ClInclude Include="..\KeePassLibCpp\Crypto\TwofishClass.h">
      <Filter>KeePassLibCpp\Crypto</Filter>
    </ClInclude>
    <ClInclude Include="..\KeePassLibCpp\Crypto\SHA2\EDefs.h">
      <Filter>KeePassLibCpp\Crypto\SHA2</Filter>
    </ClInclude>
    <ClInclude Include="..\KeePassLibCpp\Crypto\SHA2\SHA2.h">
      <Filter>KeePassLibCpp\Crypto\SHA2</Filter>
    </ClInclude>
    <ClInclude Include="..\KeePassLibCpp\Crypto\SHA2\TDefs.h">
      <Filter>KeePassLibCpp\Crypto\SHA2</Filter>
    </ClInclude>
    <ClInclude Include="..\KeePassLibCpp\DataExchange\PwExport.h">
      <Filter>KeePassLibCpp\DataExchange</Filter>
    </ClInclude>
    <ClInclude Include="..\KeePassLibCpp\DataExchange\PwImport.h">
      <Filter>KeePassLibCpp\DataExchange</Filter>
    </ClInclude>
    <ClInclude Include="..\KeePassLibCpp\SysSpec_Windows\SysSpecWin.h">
      <Filter>KeePassLibCpp\SysSpec_Windows</Filter>
    </ClInclude>
    <ClInclude Include="..\KeePassLibCpp\Util\AppUtil.h">
      <Filter>KeePassLibCpp\Util</Filter>
    </ClInclude>
    <ClInclude Include="..\KeePassLibCpp\Util\Base64.h">
      <Filter>KeePassLibCpp\Util</Filter>
    </ClInclude>
    <ClInclude Include="..\KeePassLibCpp\Util\ComUtil.h">
      <Filter>KeePassLibCpp\Util</Filter>
    </ClInclude>
    <ClInclude Include="..\KeePassLibCpp\Util\EntryUtil.h">
      <Filter>KeePassLibCpp\Util</Filter>
    </ClInclude>
    <ClInclude Include="..\KeePassLibCpp\Util\FileTransactionEx.h">
      <Filter>KeePassLibCpp\Util</Filter>
    </ClInclude>
    <ClInclude Include="..\KeePassLibCpp\Util\MemUtil.h">
      <Filter>KeePassLibCpp\Util</Filter>
    </ClInclude>
    <ClInclude Include="..\KeePassLibCpp\Util\NewRandom.h">
      <Filter>KeePassLibCpp\Util</Filter>
    </ClInclude>
    <ClInclude Include="..\KeePassLibCpp\Util\PopularPasswords.h">
      <Filter>KeePassLibCpp\Util</Filter>
    </ClInclude>
    <ClInclude Include="..\KeePassLibCpp\Util\PwQualityEst.h">
      <Filter>KeePassLibCpp\Util</Filter>
    </ClInclude>
    <ClInclude Include="..\KeePassLibCpp\Util\PwUtil.h">
      <Filter>KeePassLibCpp\Util</Filter>
    </ClInclude>
    <ClInclude Include="..\KeePassLibCpp\Util\StrUtil.h">
      <Filter>KeePassLibCpp\Util</Filter>
    </ClInclude>
    <ClInclude Include="..\KeePassLibCpp\Util\TranslateEx.h">
      <Filter>KeePassLibCpp\Util</Filter>
    </ClInclude>
    <ClInclude Include="..\KeePassLibCpp\PasswordGenerator\CharSetBasedGenerator.h">
      <Filter>KeePassLibCpp\PasswordGenerator</Filter>
    </ClInclude>
    <ClInclude Include="..\KeePassLibCpp\PasswordGenerator\PasswordGenerator.h">
      <Filter>KeePassLibCpp\PasswordGenerator</Filter>
    </ClInclude>
    <ClInclude Include="..\KeePassLibCpp\PasswordGenerator\PatternBasedGenerator.h">
      <Filter>KeePassLibCpp\PasswordGenerator</Filter>
    </ClInclude>
    <ClInclude Include="..\KeePassLibCpp\PasswordGenerator\PwCharSet.h">
      <Filter>KeePassLibCpp\PasswordGenerator</Filter>
    </ClInclude>
    <ClInclude Include="..\KeePassLibCpp\Details\PwCompatImpl.h">
      <Filter>KeePassLibCpp\Details</Filter>
    </ClInclude>
    <ClInclude Include="..\KeePassLibCpp\SDK\KpSDK.h">
      <Filter>KeePassLibCpp\SDK</Filter>
    </ClInclude>
    <ClInclude Include="..\KeePassLibCpp\SDK\Details\IKpAPI.h">
      <Filter>KeePassLibCpp\SDK\Details</Filter>
    </ClInclude>
    <ClInclude Include="..\KeePassLibCpp\SDK\Details\IKpCommandLine.h">
      <Filter>KeePassLibCpp\SDK\Details</Filter>
    </ClInclude>
    <ClInclude Include="..\KeePassLibCpp\SDK\Details\IKpCommandLineOption.h">
      <Filter>KeePassLibCpp\SDK\Details</Filter>
    </ClInclude>
    <ClInclude Include="..\KeePassLibCpp\SDK\Details\IKpConfig.h">
      <Filter>KeePassLibCpp\SDK\Details</Filter>
    </ClInclude>
    <ClInclude Include="..\KeePassLibCpp\SDK\Details\IKpDatabase.h">
      <Filter>KeePassLibCpp\SDK\Details</Filter>
    </ClInclude>
    <ClInclude Include="..\KeePassLibCpp\SDK\Details\IKpFileTransaction.h">
      <Filter>KeePassLibCpp\SDK\Details</Filter>
    </ClInclude>
    <ClInclude Include="..\KeePassLibCpp\SDK\Details\IKpFullPathName.h">
      <Filter>KeePassLibCpp\SDK\Details</Filter>
    </ClInclude>
    <ClInclude Include="..\KeePassLibCpp\SDK\Details\IKpPlugin.h">
      <Filter>KeePassLibCpp\SDK\Details</Filter>
    </ClInclude>
    <ClInclude Include="..\KeePassLibCpp\SDK\Details\IKpUnknown.h">
      <Filter>KeePassLibCpp\SDK\Details</Filter>
    </ClInclude>
    <ClInclude Include="..\KeePassLibCpp\SDK\Details\IKpUtilities.h">
      <Filter>KeePassLibCpp\SDK\Details</Filter>
    </ClInclude>
    <ClInclude Include="..\KeePassLibCpp\SDK\Details\KpDefs.h">
      <Filter>KeePassLibCpp\SDK\Details</Filter>
    </ClInclude>
    <ClInclude Include="..\KeePassLibCpp\SDK\Details\KpGuids.h">
      <Filter>KeePassLibCpp\SDK\Details</Filter>
    </ClInclude>
    <ClInclude Include="..\KeePassLibCpp\IO\KpInternetStream.h">
      <Filter>KeePassLibCpp\IO</Filter>
    </ClInclude>
    <ClInclude Include="..\KeePassLibCpp\IO\KpMemoryStream.h">
      <Filter>KeePassLibCpp\IO</Filter>
    </ClInclude>
    <ClInclude Include="..\KeePassLibCpp\IO\KpStream.h">
      <Filter>KeePassLibCpp\IO</Filter>
    </ClInclude>
    <ClInclude Include="KeePassAPI\APIDefEx.h">
      <Filter>KeePassAPI</Filter>
    </ClInclude>
    <ClInclude Include="KeePassAPI\LibraryAPI.h">
      <Filter>KeePassAPI</Filter>
    </ClInclude>
    <ClInclude Include="KeePassAPI\ManagerAPI.h">
      <Filter>KeePassAPI</Filter>
    </ClInclude>
    <ClInclude Include="KeePassAPI\StructAPI.h">
      <Filter>KeePassAPI</Filter>
    </ClInclude>
  </ItemGroup>
</Project>