<?xml version="1.0" encoding="utf-8"?>
<Project ToolsVersion="4.0" xmlns="http://schemas.microsoft.com/developer/msbuild/2003">
  <ItemGroup>
    <Filter Include="Source Files">
      <UniqueIdentifier>{3329d18b-251a-4144-b2b4-45624f113969}</UniqueIdentifier>
    </Filter>
    <Filter Include="Header Files">
      <UniqueIdentifier>{4548bdea-4f98-4481-96b3-998a6a70853b}</UniqueIdentifier>
    </Filter>
    <Filter Include="Resource Files">
      <UniqueIdentifier>{4bb956bc-f34c-42fc-9db6-531fae974805}</UniqueIdentifier>
    </Filter>
    <Filter Include="KeePassLibCpp">
      <UniqueIdentifier>{be8da245-620c-44d0-ab7f-ad2d767c6f6a}</UniqueIdentifier>
    </Filter>
    <Filter Include="KeePassLibCpp\Crypto">
      <UniqueIdentifier>{46731fc5-7efa-4da2-80e9-4ec9a6e83e27}</UniqueIdentifier>
    </Filter>
    <Filter Include="KeePassLibCpp\Crypto\SHA2">
      <UniqueIdentifier>{df7e4423-f767-4250-bf72-7e2f14969748}</UniqueIdentifier>
    </Filter>
    <Filter Include="KeePassLibCpp\DataExchange">
      <UniqueIdentifier>{5b2a7522-4f21-4c2a-a15e-fcd9e02015d2}</UniqueIdentifier>
    </Filter>
    <Filter Include="KeePassLibCpp\SysSpec_Windows">
      <UniqueIdentifier>{1c29857a-10d3-4b8a-9ddd-c491c123510e}</UniqueIdentifier>
    </Filter>
    <Filter Include="KeePassLibCpp\Util">
      <UniqueIdentifier>{b910245e-7c19-44d5-b0e8-b1f870882ab5}</UniqueIdentifier>
    </Filter>
    <Filter Include="KeePassLibCpp\PasswordGenerator">
      <UniqueIdentifier>{03ebf991-8f29-4a0f-92f6-aa75110a6122}</UniqueIdentifier>
    </Filter>
    <Filter Include="KeePassLibCpp\Details">
      <UniqueIdentifier>{c5836779-dc1b-4c17-8794-86d7fc495684}</UniqueIdentifier>
    </Filter>
    <Filter Include="KeePassLibCpp\SDK">
      <UniqueIdentifier>{04d9aec8-56df-4cbb-b7ae-b46348cd3796}</UniqueIdentifier>
    </Filter>
    <Filter Include="KeePassLibCpp\SDK\Details">
      <UniqueIdentifier>{45b20d58-1955-4707-88f8-3d3c2c0a9cd0}</UniqueIdentifier>
    </Filter>
    <Filter Include="KeePassLibCpp\IO">
      <UniqueIdentifier>{78679996-fb6b-428d-8e78-bc44b6719781}</UniqueIdentifier>
    </Filter>
    <Filter Include="KeePassAPI">
      <UniqueIdentifier>{dce47c1c-02bd-40b4-b23c-ae31a364b523}</UniqueIdentifier>
    </Filter>
  </ItemGroup>
  <ItemGroup>
    <ClCompile Include="KeePassLib.cpp">
      <Filter>Source Files</Filter>
    </ClCompile>
    <ClCompile Include="StdAfx.cpp">
      <Filter>Source Files</Filter>
    </ClCompile>
    <ClCompile Include="..\KeePassLibCpp\PwCompat.cpp">
      <Filter>KeePassLibCpp</Filter>
    </ClCompile>
    <ClCompile Include="..\KeePassLibCpp\PwManager.cpp">
      <Filter>KeePassLibCpp</Filter>
    </ClCompile>
    <ClCompile Include="..\KeePassLibCpp\Crypto\ARCFour.cpp">
      <Filter>KeePassLibCpp\Crypto</Filter>
    </ClCompile>
    <ClCompile Include="..\KeePassLibCpp\Crypto\KeyTransform.cpp">
      <Filter>KeePassLibCpp\Crypto</Filter>
    </ClCompile>
    <ClCompile Include="..\KeePassLibCpp\Crypto\KeyTransform_BCrypt.cpp">
      <Filter>KeePassLibCpp\Crypto</Filter>
    </ClCompile>
    <ClCompile Include="..\KeePassLibCpp\Crypto\MemoryProtectionEx.cpp">
      <Filter>KeePassLibCpp\Crypto</Filter>
    </ClCompile>
    <ClCompile Include="..\KeePassLibCpp\Crypto\Rijndael.cpp">
      <Filter>KeePassLibCpp\Crypto</Filter>
    </ClCompile>
    <ClCompile Include="..\KeePassLibCpp\Crypto\TestImpl.cpp">
      <Filter>KeePassLibCpp\Crypto</Filter>
    </ClCompile>
    <ClCompile Include="..\KeePassLibCpp\Crypto\Twofish.cpp">
      <Filter>KeePassLibCpp\Crypto</Filter>
    </ClCompile>
    <ClCompile Include="..\KeePassLibCpp\Crypto\TwofishClass.cpp">
      <Filter>KeePassLibCpp\Crypto</Filter>
    </ClCompile>
    <ClCompile Include="..\KeePassLibCpp\Crypto\SHA2\SHA2.cpp">
      <Filter>KeePassLibCpp\Crypto\SHA2</Filter>
    </ClCompile>
    <ClCompile Include="..\KeePassLibCpp\DataExchange\PwExport.cpp">
      <Filter>KeePassLibCpp\DataExchange</Filter>
    </ClCompile>
    <ClCompile Include="..\KeePassLibCpp\DataExchange\PwImport.cpp">
      <Filter>KeePassLibCpp\DataExchange</Filter>
    </ClCompile>
    <ClCompile Include="..\KeePassLibCpp\SysSpec_Windows\AppUtil.cpp">
      <Filter>KeePassLibCpp\SysSpec_Windows</Filter>
    </ClCompile>
    <ClCompile Include="..\KeePassLibCpp\SysSpec_Windows\NewRandom.cpp">
      <Filter>KeePassLibCpp\SysSpec_Windows</Filter>
    </ClCompile>
    <ClCompile Include="..\KeePassLibCpp\SysSpec_Windows\StrUtilEx.cpp">
      <Filter>KeePassLibCpp\SysSpec_Windows</Filter>
    </ClCompile>
    <ClCompile Include="..\KeePassLibCpp\Util\Base64.cpp">
      <Filter>KeePassLibCpp\Util</Filter>
    </ClCompile>
    <ClCompile Include="..\KeePassLibCpp\Util\ComUtil.cpp">
      <Filter>KeePassLibCpp\Util</Filter>
    </ClCompile>
    <ClCompile Include="..\KeePassLibCpp\Util\EntryUtil.cpp">
      <Filter>KeePassLibCpp\Util</Filter>
    </ClCompile>
    <ClCompile Include="..\KeePassLibCpp\Util\FileTransactionEx.cpp">
      <Filter>KeePassLibCpp\Util</Filter>
    </ClCompile>
    <ClCompile Include="..\KeePassLibCpp\Util\MemUtil.cpp">
      <Filter>KeePassLibCpp\Util</Filter>
    </ClCompile>
    <ClCompile Include="..\KeePassLibCpp\Util\PopularPasswords.cpp">
      <Filter>KeePassLibCpp\Util</Filter>
    </ClCompile>
    <ClCompile Include="..\KeePassLibCpp\Util\PwQualityEst.cpp">
      <Filter>KeePassLibCpp\Util</Filter>
    </ClCompile>
    <ClCompile Include="..\KeePassLibCpp\Util\PwUtil.cpp">
      <Filter>KeePassLibCpp\Util</Filter>
    </ClCompile>
    <ClCompile Include="..\KeePassLibCpp\Util\StrUtil.cpp">
      <Filter>KeePassLibCpp\Util</Filter>
    </ClCompile>
    <ClCompile Include="..\KeePassLibCpp\Util\TranslateEx.cpp">
      <Filter>KeePassLibCpp\Util</Filter>
    </ClCompile>
    <ClCompile Include="..\KeePassLibCpp\PasswordGenerator\CharSetBasedGenerator.cpp">
      <Filter>KeePassLibCpp\PasswordGenerator</Filter>
    </ClCompile>
    <ClCompile Include="..\KeePassLibCpp\PasswordGenerator\PasswordGenerator.cpp">
      <Filter>KeePassLibCpp\PasswordGenerator</Filter>
    </ClCompile>
    <ClCompile Include="..\KeePassLibCpp\PasswordGenerator\PatternBasedGenerator.cpp">
      <Filter>KeePassLibCpp\PasswordGenerator</Filter>
    </ClCompile>
    <ClCompile Include="..\KeePassLibCpp\PasswordGenerator\PwCharSet.cpp">
      <Filter>KeePassLibCpp\PasswordGenerator</Filter>
    </ClCompile>
    <ClCompile Include="..\KeePassLibCpp\Details\PwCompatImpl.cpp">
      <Filter>KeePassLibCpp\Details</Filter>
    </ClCompile>
    <ClCompile Include="..\KeePassLibCpp\Details\PwFileImpl.cpp">
      <Filter>KeePassLibCpp\Details</Filter>
    </ClCompile>
    <ClCompile Include="..\KeePassLibCpp\Details\PwFindImpl.cpp">
      <Filter>KeePassLibCpp\Details</Filter>
    </ClCompile>
    <ClCompile Include="..\KeePassLibCpp\IO\KpInternetStream.cpp">
      <Filter>KeePassLibCpp\IO</Filter>
    </ClCompile>
    <ClCompile Include="..\KeePassLibCpp\IO\KpMemoryStream.cpp">
      <Filter>KeePassLibCpp\IO</Filter>
    </ClCompile>
    <ClCompile Include="..\KeePassLibCpp\IO\KpStream.cpp">
      <Filter>KeePassLibCpp\IO</Filter>
    </ClCompile>
    <ClCompile Include="KeePassAPI\LibraryAPI.cpp">
      <Filter>KeePassAPI</Filter>
    </ClCompile>
    <ClCompile Include="KeePassAPI\ManagerAPI.cpp">
      <Filter>KeePassAPI</Filter>
    </ClCompile>
    <ClCompile Include="KeePassAPI\StructAPI.cpp">
      <Filter>KeePassAPI</Filter>
    </ClCompile>
  </ItemGroup>
  <ItemGroup>
    <None Include="KeePassLib.def">
      <Filter>Source Files</Filter>
    </None>
    <None Include="res\KeePassLib.rc2">
      <Filter>Resource Files</Filter>
    </None>
  </ItemGroup>
  <ItemGroup>
    <ResourceCompile Include="KeePassLib.rc">
      <Filter>Source Files</Filter>
    </ResourceCompile>
  </ItemGroup>
  <ItemGroup>
    <ClInclude Include="KeePassLib.h">
      <Filter>Header Files</Filter>
    </ClInclude>
    <ClInclude Include="Resource.h">
      <Filter>Header Files</Filter>
    </ClInclude>
    <ClInclude Include="StdAfx.h">
      <Filter>Header Files</Filter>
    </ClInclude>
    <ClInclude Include="..\KeePassLibCpp\PwCompat.h">
      <Filter>KeePassLibCpp</Filter>
    </ClInclude>
    <ClInclude Include="..\KeePassLibCpp\PwManager.h">
      <Filter>KeePassLibCpp</Filter>
    </ClInclude>
    <ClInclude Include="..\KeePassLibCpp\PwStructs.h">
      <Filter>KeePassLibCpp</Filter>
    </ClInclude>
    <ClInclude Include="..\KeePassLibCpp\PwStructsEx.h">
      <Filter>KeePassLibCpp</Filter>
    </ClInclude>
    <ClInclude Include="..\KeePassLibCpp\SysDefEx.h">
      <Filter>KeePassLibCpp</Filter>
    </ClInclude>
    <ClInclude Include="..\KeePassLibCpp\Crypto\ARCFour.h">
      <Filter>KeePassLibCpp\Crypto</Filter>
    </ClInclude>
    <ClInclude Include="..\KeePassLibCpp\Crypto\KeyTransform.h">
      <Filter>KeePassLibCpp\Crypto</Filter>
    </ClInclude>
    <ClInclude Include="..\KeePassLibCpp\Crypto\KeyTransform_BCrypt.h">
      <Filter>KeePassLibCpp\Crypto</Filter>
    </ClInclude>
    <ClInclude Include="..\KeePassLibCpp\Crypto\MemoryProtectionEx.h">
      <Filter>KeePassLibCpp\Crypto</Filter>
    </ClInclude>
    <ClInclude Include="..\KeePassLibCpp\Crypto\Rijndael.h">
      <Filter>KeePassLibCpp\Crypto</Filter>
    </ClInclude>
    <ClInclude Include="..\KeePassLibCpp\Crypto\TestImpl.h">
      <Filter>KeePassLibCpp\Crypto</Filter>
    </ClInclude>
    <ClInclude Include="..\KeePassLibCpp\Crypto\Twofish.h">
      <Filter>KeePassLibCpp\Crypto</Filter>
    </ClInclude>
    <ClInclude Include="..\KeePassLibCpp\Crypto\TwofishClass.h">
      <Filter>KeePassLibCpp\Crypto</Filter>
    </ClInclude>
    <ClInclude Include="..\KeePassLibCpp\Crypto\SHA2\EDefs.h">
      <Filter>KeePassLibCpp\Crypto\SHA2</Filter>
    </ClInclude>
    <ClInclude Include="..\KeePassLibCpp\Crypto\SHA2\SHA2.h">
      <Filter>KeePassLibCpp\Crypto\SHA2</Filter>
    </ClInclude>
    <ClInclude Include="..\KeePassLibCpp\Crypto\SHA2\TDefs.h">
      <Filter>KeePassLibCpp\Crypto\SHA2</Filter>
    </ClInclude>
    <ClInclude Include="..\KeePassLibCpp\DataExchange\PwExport.h">
      <Filter>KeePassLibCpp\DataExchange</Filter>
    </ClInclude>
    <ClInclude Include="..\KeePassLibCpp\DataExchange\PwImport.h">
      <Filter>KeePassLibCpp\DataExchange</Filter>
    </ClInclude>
    <ClInclude Include="..\KeePassLibCpp\SysSpec_Windows\SysSpecWin.h">
      <Filter>KeePassLibCpp\SysSpec_Windows</Filter>
    </ClInclude>
    <ClInclude Include="..\KeePassLibCpp\Util\AppUtil.h">
      <Filter>KeePassLibCpp\Util</Filter>
    </ClInclude>
    <ClInclude Include="..\KeePassLibCpp\Util\Base64.h">
      <Filter>KeePassLibCpp\Util</Filter>
    </ClInclude>
    <ClInclude Include="..\KeePassLibCpp\Util\ComUtil.h">
      <Filter>KeePassLibCpp\Util</Filter>
    </ClInclude>
    <ClInclude Include="..\KeePassLibCpp\Util\EntryUtil.h">
      <Filter>KeePassLibCpp\Util</Filter>
    </ClInclude>
    <ClInclude Include="..\KeePassLibCpp\Util\FileTransactionEx.h">
      <Filter>KeePassLibCpp\Util</Filter>
    </ClInclude>
    <ClInclude Include="..\KeePassLibCpp\Util\MemUtil.h">
      <Filter>KeePassLibCpp\Util</Filter>
    </ClInclude>
    <ClInclude Include="..\KeePassLibCpp\Util\NewRandom.h">
      <Filter>KeePassLibCpp\Util</Filter>
    </ClInclude>
    <ClInclude Include="..\KeePassLibCpp\Util\PopularPasswords.h">
      <Filter>KeePassLibCpp\Util</Filter>
    </ClInclude>
    <ClInclude Include="..\KeePassLibCpp\Util\PwQualityEst.h">
      <Filter>KeePassLibCpp\Util</Filter>
    </ClInclude>
    <ClInclude Include="..\KeePassLibCpp\Util\PwUtil.h">
      <Filter>KeePassLibCpp\Util</Filter>
    </ClInclude>
    <ClInclude Include="..\KeePassLibCpp\Util\StrUtil.h">
      <Filter>KeePassLibCpp\Util</Filter>
    </ClInclude>
    <ClInclude Include="..\KeePassLibCpp\Util\TranslateEx.h">
      <Filter>KeePassLibCpp\Util</Filter>
    </ClInclude>
    <ClInclude Include="..\KeePassLibCpp\PasswordGenerator\CharSetBasedGenerator.h">
      <Filter>KeePassLibCpp\PasswordGenerator</Filter>
    </ClInclude>
    <ClInclude Include="..\KeePassLibCpp\PasswordGenerator\PasswordGenerator.h">
      <Filter>KeePassLibCpp\PasswordGenerator</Filter>
    </ClInclude>
    <ClInclude Include="..\KeePassLibCpp\PasswordGenerator\PatternBasedGenerator.h">
      <Filter>KeePassLibCpp\PasswordGenerator</Filter>
    </ClInclude>
    <ClInclude Include="..\KeePassLibCpp\PasswordGenerator\PwCharSet.h">
      <Filter>KeePassLibCpp\PasswordGenerator</Filter>
    </ClInclude>
    <ClInclude Include="..\KeePassLibCpp\Details\PwCompatImpl.h">
      <Filter>KeePassLibCpp\Details</Filter>
    </ClInclude>
    <ClInclude Include="..\KeePassLibCpp\SDK\KpSDK.h">
      <Filter>KeePassLibCpp\SDK</Filter>
    </ClInclude>
    <ClInclude Include="..\KeePassLibCpp\SDK\Details\IKpAPI.h">
      <Filter>KeePassLibCpp\SDK\Details</Filter>
    </ClInclude>
    <ClInclude Include="..\KeePassLibCpp\SDK\Details\IKpCommandLine.h">
      <Filter>KeePassLibCpp\SDK\Details</Filter>
    </ClInclude>
    <ClInclude Include="..\KeePassLibCpp\SDK\Details\IKpCommandLineOption.h">
      <Filter>KeePassLibCpp\SDK\Details</Filter>
    </ClInclude>
    <ClInclude Include="..\KeePassLibCpp\SDK\Details\IKpConfig.h">
      <Filter>KeePassLibCpp\SDK\Details</Filter>
    </ClInclude>
    <ClInclude Include="..\KeePassLibCpp\SDK\Details\IKpDatabase.h">
      <Filter>KeePassLibCpp\SDK\Details</Filter>
    </ClInclude>
    <ClInclude Include="..\KeePassLibCpp\SDK\Details\IKpFileTransaction.h">
      <Filter>KeePassLibCpp\SDK\Details</Filter>
    </ClInclude>
    <ClInclude Include="..\KeePassLibCpp\SDK\Details\IKpFullPathName.h">
      <Filter>KeePassLibCpp\SDK\Details</Filter>
    </ClInclude>
    <ClInclude Include="..\KeePassLibCpp\SDK\Details\IKpPlugin.h">
      <Filter>KeePassLibCpp\SDK\Details</Filter>
    </ClInclude>
    <ClInclude Include="..\KeePassLibCpp\SDK\Details\IKpUnknown.h">
      <Filter>KeePassLibCpp\SDK\Details</Filter>
    </ClInclude>
    <ClInclude Include="..\KeePassLibCpp\SDK\Details\IKpUtilities.h">
      <Filter>KeePassLibCpp\SDK\Details</Filter>
    </ClInclude>
    <ClInclude Include="..\KeePassLibCpp\SDK\Details\KpDefs.h">
      <Filter>KeePassLibCpp\SDK\Details</Filter>
    </ClInclude>
    <ClInclude Include="..\KeePassLibCpp\SDK\Details\KpGuids.h">
      <Filter>KeePassLibCpp\SDK\Details</Filter>
    </ClInclude>
    <ClInclude Include="..\KeePassLibCpp\IO\KpInternetStream.h">
      <Filter>KeePassLibCpp\IO</Filter>
    </ClInclude>
    <ClInclude Include="..\KeePassLibCpp\IO\KpMemoryStream.h">
      <Filter>KeePassLibCpp\IO</Filter>
    </ClInclude>
    <ClInclude Include="..\KeePassLibCpp\IO\KpStream.h">
      <Filter>KeePassLibCpp\IO</Filter>
    </ClInclude>
    <ClInclude Include="KeePassAPI\APIDefEx.h">
      <Filter>KeePassAPI</Filter>
    </ClInclude>
    <ClInclude Include="KeePassAPI\LibraryAPI.h">
      <Filter>KeePassAPI</Filter>
    </ClInclude>
    <ClInclude Include="KeePassAPI\ManagerAPI.h">
      <Filter>KeePassAPI</Filter>
    </ClInclude>
    <ClInclude Include="KeePassAPI\StructAPI.h">
      <Filter>KeePassAPI</Filter>
    </ClInclude>
  </ItemGroup>
</Project>