<?xml version="1.0" encoding="utf-8"?>
<Project ToolsVersion="4.0" xmlns="http://schemas.microsoft.com/developer/msbuild/2003">
  <ItemGroup>
    <Filter Include="Source Files">
      <UniqueIdentifier>{290ed387-4419-41fe-a9aa-3eed3517f676}</UniqueIdentifier>
      <Extensions>cpp;c;cxx;rc;def;r;odl;idl;hpj;bat</Extensions>
    </Filter>
    <Filter Include="Header Files">
      <UniqueIdentifier>{6b74b0fb-be71-4967-8f8a-6e6e142a2593}</UniqueIdentifier>
      <Extensions>h;hpp;hxx;hm;inl</Extensions>
    </Filter>
    <Filter Include="Resource Files">
      <UniqueIdentifier>{6c258f67-7df7-463a-9c70-e4036a0d84fb}</UniqueIdentifier>
      <Extensions>ico;cur;bmp;dlg;rc2;rct;bin;cnt;rtf;gif;jpg;jpeg;jpe;png</Extensions>
    </Filter>
    <Filter Include="Util">
      <UniqueIdentifier>{f9e1fd22-8abb-4723-ae46-a12a8c42d3ca}</UniqueIdentifier>
    </Filter>
    <Filter Include="Util\CmdLine">
      <UniqueIdentifier>{65ee63c5-6cb7-4d62-bf0f-d03480369e98}</UniqueIdentifier>
    </Filter>
    <Filter Include="Util\SprEngine">
      <UniqueIdentifier>{0ec901b4-4f1f-4b7d-890e-1e2295c258cc}</UniqueIdentifier>
    </Filter>
    <Filter Include="NewGUI">
      <UniqueIdentifier>{982899e8-0ab8-4cdc-8bb6-6bebb84b83a6}</UniqueIdentifier>
    </Filter>
    <Filter Include="NewGUI\TaskDialog">
      <UniqueIdentifier>{d4186fb9-33ce-491b-9ab8-78c221edc0bd}</UniqueIdentifier>
    </Filter>
    <Filter Include="NewGUI\TaskbarListEx">
      <UniqueIdentifier>{39c2825d-af6e-47b0-88c9-d6dcfbe7f82e}</UniqueIdentifier>
    </Filter>
    <Filter Include="NewGUI\VistaMenu">
      <UniqueIdentifier>{377f2e1e-400b-43fd-b306-812bea946b28}</UniqueIdentifier>
    </Filter>
    <Filter Include="KeePassLibCpp">
      <UniqueIdentifier>{95a7fece-6ece-41e4-8443-860cec47b614}</UniqueIdentifier>
    </Filter>
    <Filter Include="KeePassLibCpp\Crypto">
      <UniqueIdentifier>{e5a36da3-8519-459b-bcb5-1516211e639e}</UniqueIdentifier>
    </Filter>
    <Filter Include="KeePassLibCpp\Crypto\SHA2">
      <UniqueIdentifier>{e7dcac04-716d-49f3-84eb-55feac8539e9}</UniqueIdentifier>
    </Filter>
    <Filter Include="KeePassLibCpp\SysSpec_Windows">
      <UniqueIdentifier>{6fd0e829-32bb-43ff-9648-96bb16416a7d}</UniqueIdentifier>
    </Filter>
    <Filter Include="KeePassLibCpp\DataExchange">
      <UniqueIdentifier>{eacc817b-5fb9-469c-9d91-525998a4596c}</UniqueIdentifier>
    </Filter>
    <Filter Include="KeePassLibCpp\Util">
      <UniqueIdentifier>{4ce01b1e-4b7c-4747-98bb-32e6d9113a19}</UniqueIdentifier>
    </Filter>
    <Filter Include="KeePassLibCpp\PasswordGenerator">
      <UniqueIdentifier>{eb62e0c9-4722-463b-bf07-0b528871753e}</UniqueIdentifier>
    </Filter>
    <Filter Include="KeePassLibCpp\Details">
      <UniqueIdentifier>{c15c15f1-eee3-44a8-a941-266ced84891c}</UniqueIdentifier>
    </Filter>
    <Filter Include="KeePassLibCpp\SDK">
      <UniqueIdentifier>{f61eeada-2575-4fbc-9b83-b16f68f10248}</UniqueIdentifier>
    </Filter>
    <Filter Include="KeePassLibCpp\SDK\Details">
      <UniqueIdentifier>{61a30eaf-b6c8-4765-8eae-62ab23265414}</UniqueIdentifier>
    </Filter>
    <Filter Include="KeePassLibCpp\IO">
      <UniqueIdentifier>{3dd2869a-f556-4f96-99d5-76a5a6ec5f2b}</UniqueIdentifier>
    </Filter>
    <Filter Include="Plugins">
      <UniqueIdentifier>{439395ff-863a-4da9-a0fe-f4d0f9b7ae03}</UniqueIdentifier>
    </Filter>
  </ItemGroup>
  <ItemGroup>
    <ClCompile Include="AddEntryDlg.cpp">
      <Filter>Source Files</Filter>
    </ClCompile>
    <ClCompile Include="AddGroupDlg.cpp">
      <Filter>Source Files</Filter>
    </ClCompile>
    <ClCompile Include="CheckOptionsDlg.cpp">
      <Filter>Source Files</Filter>
    </ClCompile>
    <ClCompile Include="DbSettingsDlg.cpp">
      <Filter>Source Files</Filter>
    </ClCompile>
    <ClCompile Include="EntryListDlg.cpp">
      <Filter>Source Files</Filter>
    </ClCompile>
    <ClCompile Include="EntryPropertiesDlg.cpp">
      <Filter>Source Files</Filter>
    </ClCompile>
    <ClCompile Include="FieldRefDlg.cpp">
      <Filter>Source Files</Filter>
    </ClCompile>
    <ClCompile Include="FindInDbDlg.cpp">
      <Filter>Source Files</Filter>
    </ClCompile>
    <ClCompile Include="GetRandomDlg.cpp">
      <Filter>Source Files</Filter>
    </ClCompile>
    <ClCompile Include="HelpSourceDlg.cpp">
      <Filter>Source Files</Filter>
    </ClCompile>
    <ClCompile Include="IconPickerDlg.cpp">
      <Filter>Source Files</Filter>
    </ClCompile>
    <ClCompile Include="ImportOptionsDlg.cpp">
      <Filter>Source Files</Filter>
    </ClCompile>
    <ClCompile Include="LanguagesDlg.cpp">
      <Filter>Source Files</Filter>
    </ClCompile>
    <ClCompile Include="OptionsAutoTypeDlg.cpp">
      <Filter>Source Files</Filter>
    </ClCompile>
    <ClCompile Include="OptionsDlg.cpp">
      <Filter>Source Files</Filter>
    </ClCompile>
    <ClCompile Include="PasswordDlg.cpp">
      <Filter>Source Files</Filter>
    </ClCompile>
    <ClCompile Include="PermissionDlg.cpp">
      <Filter>Source Files</Filter>
    </ClCompile>
    <ClCompile Include="PluginsDlg.cpp">
      <Filter>Source Files</Filter>
    </ClCompile>
    <ClCompile Include="PwGeneratorAdvDlg.cpp">
      <Filter>Source Files</Filter>
    </ClCompile>
    <ClCompile Include="PwGeneratorExDlg.cpp">
      <Filter>Source Files</Filter>
    </ClCompile>
    <ClCompile Include="PwSafe.cpp">
      <Filter>Source Files</Filter>
    </ClCompile>
    <ClCompile Include="PwSafeDlg.cpp">
      <Filter>Source Files</Filter>
    </ClCompile>
    <ClCompile Include="SingleLineEditDlg.cpp">
      <Filter>Source Files</Filter>
    </ClCompile>
    <ClCompile Include="StdAfx.cpp">
      <Filter>Source Files</Filter>
    </ClCompile>
    <ClCompile Include="TanWizardDlg.cpp">
      <Filter>Source Files</Filter>
    </ClCompile>
    <ClCompile Include="UpdateInfoDlg.cpp">
      <Filter>Source Files</Filter>
    </ClCompile>
    <ClCompile Include="Util\AppLocator.cpp">
      <Filter>Util</Filter>
    </ClCompile>
    <ClCompile Include="Util\FileLock.cpp">
      <Filter>Util</Filter>
    </ClCompile>
    <ClCompile Include="Util\KeySourcesPool.cpp">
      <Filter>Util</Filter>
    </ClCompile>
    <ClCompile Include="Util\PrivateConfig.cpp">
      <Filter>Util</Filter>
    </ClCompile>
    <ClCompile Include="Util\PrivateConfigEx.cpp">
      <Filter>Util</Filter>
    </ClCompile>
    <ClCompile Include="Util\RemoteControl.cpp">
      <Filter>Util</Filter>
    </ClCompile>
    <ClCompile Include="Util\RestartManagerEx.cpp">
      <Filter>Util</Filter>
    </ClCompile>
    <ClCompile Include="Util\SendKeys.cpp">
      <Filter>Util</Filter>
    </ClCompile>
    <ClCompile Include="Util\SendKeysEx.cpp">
      <Filter>Util</Filter>
    </ClCompile>
    <ClCompile Include="Util\SessionNotify.cpp">
      <Filter>Util</Filter>
    </ClCompile>
    <ClCompile Include="Util\ShutdownBlocker.cpp">
      <Filter>Util</Filter>
    </ClCompile>
    <ClCompile Include="Util\SInstance.cpp">
      <Filter>Util</Filter>
    </ClCompile>
    <ClCompile Include="Util\UpdateCheck.cpp">
      <Filter>Util</Filter>
    </ClCompile>
    <ClCompile Include="Util\UpdateCheckEx.cpp">
      <Filter>Util</Filter>
    </ClCompile>
    <ClCompile Include="Util\VersionInfo.cpp">
      <Filter>Util</Filter>
    </ClCompile>
    <ClCompile Include="Util\WinUtil.cpp">
      <Filter>Util</Filter>
    </ClCompile>
    <ClCompile Include="Util\CmdLine\CmdArgs.cpp">
      <Filter>Util\CmdLine</Filter>
    </ClCompile>
    <ClCompile Include="Util\CmdLine\CommandLineOption.cpp">
      <Filter>Util\CmdLine</Filter>
    </ClCompile>
    <ClCompile Include="Util\CmdLine\CommandLineTokens.cpp">
      <Filter>Util\CmdLine</Filter>
    </ClCompile>
    <ClCompile Include="Util\CmdLine\Executable.cpp">
      <Filter>Util\CmdLine</Filter>
    </ClCompile>
    <ClCompile Include="Util\CmdLine\FullPathName.cpp">
      <Filter>Util\CmdLine</Filter>
    </ClCompile>
    <ClCompile Include="Util\SprEngine\SprEncoding.cpp">
      <Filter>Util\SprEngine</Filter>
    </ClCompile>
    <ClCompile Include="Util\SprEngine\SprEngine.cpp">
      <Filter>Util\SprEngine</Filter>
    </ClCompile>
    <ClCompile Include="NewGUI\AMSEdit.cpp">
      <Filter>NewGUI</Filter>
    </ClCompile>
    <ClCompile Include="NewGUI\AutoRichEditCtrlFx.cpp">
      <Filter>NewGUI</Filter>
    </ClCompile>
    <ClCompile Include="NewGUI\BCMenu.cpp">
      <Filter>NewGUI</Filter>
    </ClCompile>
    <ClCompile Include="NewGUI\BtnST.cpp">
      <Filter>NewGUI</Filter>
    </ClCompile>
    <ClCompile Include="NewGUI\ColorStaticEx.cpp">
      <Filter>NewGUI</Filter>
    </ClCompile>
    <ClCompile Include="NewGUI\ColourPickerXP.cpp">
      <Filter>NewGUI</Filter>
    </ClCompile>
    <ClCompile Include="NewGUI\CustomComboBoxEx.cpp">
      <Filter>NewGUI</Filter>
    </ClCompile>
    <ClCompile Include="NewGUI\CustomListCtrlEx.cpp">
      <Filter>NewGUI</Filter>
    </ClCompile>
    <ClCompile Include="NewGUI\CustomTreeCtrlEx.cpp">
      <Filter>NewGUI</Filter>
    </ClCompile>
    <ClCompile Include="NewGUI\DwmUtil.cpp">
      <Filter>NewGUI</Filter>
    </ClCompile>
    <ClCompile Include="NewGUI\FontUtil.cpp">
      <Filter>NewGUI</Filter>
    </ClCompile>
    <ClCompile Include="NewGUI\GlobalWindowManager.cpp">
      <Filter>NewGUI</Filter>
    </ClCompile>
    <ClCompile Include="NewGUI\GradientUtil.cpp">
      <Filter>NewGUI</Filter>
    </ClCompile>
    <ClCompile Include="NewGUI\ImageUtilEx.cpp">
      <Filter>NewGUI</Filter>
    </ClCompile>
    <ClCompile Include="NewGUI\KCSideBannerWnd.cpp">
      <Filter>NewGUI</Filter>
    </ClCompile>
    <ClCompile Include="NewGUI\MsgRelayWnd.cpp">
      <Filter>NewGUI</Filter>
    </ClCompile>
    <ClCompile Include="NewGUI\NewColorizerEx.cpp">
      <Filter>NewGUI</Filter>
    </ClCompile>
    <ClCompile Include="NewGUI\NewDialogsEx.cpp">
      <Filter>NewGUI</Filter>
    </ClCompile>
    <ClCompile Include="NewGUI\NewGUICommon.cpp">
      <Filter>NewGUI</Filter>
    </ClCompile>
    <ClCompile Include="NewGUI\OptionsList.cpp">
      <Filter>NewGUI</Filter>
    </ClCompile>
    <ClCompile Include="NewGUI\QualityProgressCtrl.cpp">
      <Filter>NewGUI</Filter>
    </ClCompile>
    <ClCompile Include="NewGUI\SecureEditEx.cpp">
      <Filter>NewGUI</Filter>
    </ClCompile>
    <ClCompile Include="NewGUI\StatusDialogEx.cpp">
      <Filter>NewGUI</Filter>
    </ClCompile>
    <ClCompile Include="NewGUI\SystemTray.cpp">
      <Filter>NewGUI</Filter>
    </ClCompile>
    <ClCompile Include="NewGUI\SystemTrayEx.cpp">
      <Filter>NewGUI</Filter>
    </ClCompile>
    <ClCompile Include="NewGUI\ThemeHelperST.cpp">
      <Filter>NewGUI</Filter>
    </ClCompile>
    <ClCompile Include="NewGUI\WindowGroups.cpp">
      <Filter>NewGUI</Filter>
    </ClCompile>
    <ClCompile Include="NewGUI\XHyperLink.cpp">
      <Filter>NewGUI</Filter>
    </ClCompile>
    <ClCompile Include="NewGUI\XPStyleButtonST.cpp">
      <Filter>NewGUI</Filter>
    </ClCompile>
    <ClCompile Include="NewGUI\TaskDialog\VistaTaskDialog.cpp">
      <Filter>NewGUI\TaskDialog</Filter>
    </ClCompile>
    <ClCompile Include="NewGUI\TaskbarListEx\TaskbarListEx.cpp">
      <Filter>NewGUI\TaskbarListEx</Filter>
    </ClCompile>
    <ClCompile Include="NewGUI\VistaMenu\VistaMenu.cpp">
      <Filter>NewGUI\VistaMenu</Filter>
    </ClCompile>
    <ClCompile Include="..\KeePassLibCpp\PwCompat.cpp">
      <Filter>KeePassLibCpp</Filter>
    </ClCompile>
    <ClCompile Include="..\KeePassLibCpp\PwManager.cpp">
      <Filter>KeePassLibCpp</Filter>
    </ClCompile>
    <ClCompile Include="..\KeePassLibCpp\Crypto\ARCFour.cpp">
      <Filter>KeePassLibCpp\Crypto</Filter>
    </ClCompile>
    <ClCompile Include="..\KeePassLibCpp\Crypto\KeyTransform.cpp">
      <Filter>KeePassLibCpp\Crypto</Filter>
    </ClCompile>
    <ClCompile Include="..\KeePassLibCpp\Crypto\KeyTransform_BCrypt.cpp">
      <Filter>KeePassLibCpp\Crypto</Filter>
    </ClCompile>
    <ClCompile Include="..\KeePassLibCpp\Crypto\MemoryProtectionEx.cpp">
      <Filter>KeePassLibCpp\Crypto</Filter>
    </ClCompile>
    <ClCompile Include="..\KeePassLibCpp\Crypto\Rijndael.cpp">
      <Filter>KeePassLibCpp\Crypto</Filter>
    </ClCompile>
    <ClCompile Include="..\KeePassLibCpp\Crypto\TestImpl.cpp">
      <Filter>KeePassLibCpp\Crypto</Filter>
    </ClCompile>
    <ClCompile Include="..\KeePassLibCpp\Crypto\Twofish.cpp">
      <Filter>KeePassLibCpp\Crypto</Filter>
    </ClCompile>
    <ClCompile Include="..\KeePassLibCpp\Crypto\TwofishClass.cpp">
      <Filter>KeePassLibCpp\Crypto</Filter>
    </ClCompile>
    <ClCompile Include="..\KeePassLibCpp\Crypto\SHA2\SHA2.cpp">
      <Filter>KeePassLibCpp\Crypto\SHA2</Filter>
    </ClCompile>
    <ClCompile Include="..\KeePassLibCpp\SysSpec_Windows\AppUtil.cpp">
      <Filter>KeePassLibCpp\SysSpec_Windows</Filter>
    </ClCompile>
    <ClCompile Include="..\KeePassLibCpp\SysSpec_Windows\NewRandom.cpp">
      <Filter>KeePassLibCpp\SysSpec_Windows</Filter>
    </ClCompile>
    <ClCompile Include="..\KeePassLibCpp\SysSpec_Windows\StrUtilEx.cpp">
      <Filter>KeePassLibCpp\SysSpec_Windows</Filter>
    </ClCompile>
    <ClCompile Include="..\KeePassLibCpp\DataExchange\PwExport.cpp">
      <Filter>KeePassLibCpp\DataExchange</Filter>
    </ClCompile>
    <ClCompile Include="..\KeePassLibCpp\DataExchange\PwImport.cpp">
      <Filter>KeePassLibCpp\DataExchange</Filter>
    </ClCompile>
    <ClCompile Include="..\KeePassLibCpp\Util\Base64.cpp">
      <Filter>KeePassLibCpp\Util</Filter>
    </ClCompile>
    <ClCompile Include="..\KeePassLibCpp\Util\ComUtil.cpp">
      <Filter>KeePassLibCpp\Util</Filter>
    </ClCompile>
    <ClCompile Include="..\KeePassLibCpp\Util\EntryUtil.cpp">
      <Filter>KeePassLibCpp\Util</Filter>
    </ClCompile>
    <ClCompile Include="..\KeePassLibCpp\Util\FileTransactionEx.cpp">
      <Filter>KeePassLibCpp\Util</Filter>
    </ClCompile>
    <ClCompile Include="..\KeePassLibCpp\Util\MemUtil.cpp">
      <Filter>KeePassLibCpp\Util</Filter>
    </ClCompile>
    <ClCompile Include="..\KeePassLibCpp\Util\PopularPasswords.cpp">
      <Filter>KeePassLibCpp\Util</Filter>
    </ClCompile>
    <ClCompile Include="..\KeePassLibCpp\Util\PwQualityEst.cpp">
      <Filter>KeePassLibCpp\Util</Filter>
    </ClCompile>
    <ClCompile Include="..\KeePassLibCpp\Util\PwUtil.cpp">
      <Filter>KeePassLibCpp\Util</Filter>
    </ClCompile>
    <ClCompile Include="..\KeePassLibCpp\Util\StrUtil.cpp">
      <Filter>KeePassLibCpp\Util</Filter>
    </ClCompile>
    <ClCompile Include="..\KeePassLibCpp\Util\TranslateEx.cpp">
      <Filter>KeePassLibCpp\Util</Filter>
    </ClCompile>
    <ClCompile Include="..\KeePassLibCpp\PasswordGenerator\CharSetBasedGenerator.cpp">
      <Filter>KeePassLibCpp\PasswordGenerator</Filter>
    </ClCompile>
    <ClCompile Include="..\KeePassLibCpp\PasswordGenerator\PasswordGenerator.cpp">
      <Filter>KeePassLibCpp\PasswordGenerator</Filter>
    </ClCompile>
    <ClCompile Include="..\KeePassLibCpp\PasswordGenerator\PatternBasedGenerator.cpp">
      <Filter>KeePassLibCpp\PasswordGenerator</Filter>
    </ClCompile>
    <ClCompile Include="..\KeePassLibCpp\PasswordGenerator\PwCharSet.cpp">
      <Filter>KeePassLibCpp\PasswordGenerator</Filter>
    </ClCompile>
    <ClCompile Include="..\KeePassLibCpp\Details\PwCompatImpl.cpp">
      <Filter>KeePassLibCpp\Details</Filter>
    </ClCompile>
    <ClCompile Include="..\KeePassLibCpp\Details\PwFileImpl.cpp">
      <Filter>KeePassLibCpp\Details</Filter>
    </ClCompile>
    <ClCompile Include="..\KeePassLibCpp\Details\PwFindImpl.cpp">
      <Filter>KeePassLibCpp\Details</Filter>
    </ClCompile>
    <ClCompile Include="..\KeePassLibCpp\IO\KpInternetStream.cpp">
      <Filter>KeePassLibCpp\IO</Filter>
    </ClCompile>
    <ClCompile Include="..\KeePassLibCpp\IO\KpMemoryStream.cpp">
      <Filter>KeePassLibCpp\IO</Filter>
    </ClCompile>
    <ClCompile Include="..\KeePassLibCpp\IO\KpStream.cpp">
      <Filter>KeePassLibCpp\IO</Filter>
    </ClCompile>
    <ClCompile Include="Plugins\KpApiImpl.cpp">
      <Filter>Plugins</Filter>
    </ClCompile>
    <ClCompile Include="Plugins\KpCommandLineImpl.cpp">
      <Filter>Plugins</Filter>
    </ClCompile>
    <ClCompile Include="Plugins\KpCommandLineOptionImpl.cpp">
      <Filter>Plugins</Filter>
    </ClCompile>
    <ClCompile Include="Plugins\KpDatabaseImpl.cpp">
      <Filter>Plugins</Filter>
    </ClCompile>
    <ClCompile Include="Plugins\KpFileTransactionImpl.cpp">
      <Filter>Plugins</Filter>
    </ClCompile>
    <ClCompile Include="Plugins\KpFullPathNameImpl.cpp">
      <Filter>Plugins</Filter>
    </ClCompile>
    <ClCompile Include="Plugins\KpUtilitiesImpl.cpp">
      <Filter>Plugins</Filter>
    </ClCompile>
    <ClCompile Include="Plugins\PluginMgr.cpp">
      <Filter>Plugins</Filter>
    </ClCompile>
    <ClCompile Include="bio.cpp">
      <Filter>Source Files</Filter>
    </ClCompile>
  </ItemGroup>
  <ItemGroup>
    <ResourceCompile Include="PwSafe.rc">
      <Filter>Source Files</Filter>
    </ResourceCompile>
  </ItemGroup>
  <ItemGroup>
    <ClInclude Include="AddEntryDlg.h">
      <Filter>Header Files</Filter>
    </ClInclude>
    <ClInclude Include="AddGroupDlg.h">
      <Filter>Header Files</Filter>
    </ClInclude>
    <ClInclude Include="CheckOptionsDlg.h">
      <Filter>Header Files</Filter>
    </ClInclude>
    <ClInclude Include="DbSettingsDlg.h">
      <Filter>Header Files</Filter>
    </ClInclude>
    <ClInclude Include="EntryListDlg.h">
      <Filter>Header Files</Filter>
    </ClInclude>
    <ClInclude Include="EntryPropertiesDlg.h">
      <Filter>Header Files</Filter>
    </ClInclude>
    <ClInclude Include="FieldRefDlg.h">
      <Filter>Header Files</Filter>
    </ClInclude>
    <ClInclude Include="FindInDbDlg.h">
      <Filter>Header Files</Filter>
    </ClInclude>
    <ClInclude Include="GetRandomDlg.h">
      <Filter>Header Files</Filter>
    </ClInclude>
    <ClInclude Include="HelpSourceDlg.h">
      <Filter>Header Files</Filter>
    </ClInclude>
    <ClInclude Include="IconPickerDlg.h">
      <Filter>Header Files</Filter>
    </ClInclude>
    <ClInclude Include="ImportOptionsDlg.h">
      <Filter>Header Files</Filter>
    </ClInclude>
    <ClInclude Include="LanguagesDlg.h">
      <Filter>Header Files</Filter>
    </ClInclude>
    <ClInclude Include="OptionsAutoTypeDlg.h">
      <Filter>Header Files</Filter>
    </ClInclude>
    <ClInclude Include="OptionsDlg.h">
      <Filter>Header Files</Filter>
    </ClInclude>
    <ClInclude Include="PasswordDlg.h">
      <Filter>Header Files</Filter>
    </ClInclude>
    <ClInclude Include="PermissionDlg.h">
      <Filter>Header Files</Filter>
    </ClInclude>
    <ClInclude Include="PluginsDlg.h">
      <Filter>Header Files</Filter>
    </ClInclude>
    <ClInclude Include="PwGeneratorAdvDlg.h">
      <Filter>Header Files</Filter>
    </ClInclude>
    <ClInclude Include="PwGeneratorExDlg.h">
      <Filter>Header Files</Filter>
    </ClInclude>
    <ClInclude Include="PwSafe.h">
      <Filter>Header Files</Filter>
    </ClInclude>
    <ClInclude Include="PwSafeDlg.h">
      <Filter>Header Files</Filter>
    </ClInclude>
    <ClInclude Include="Resource.h">
      <Filter>Header Files</Filter>
    </ClInclude>
    <ClInclude Include="SingleLineEditDlg.h">
      <Filter>Header Files</Filter>
    </ClInclude>
    <ClInclude Include="StdAfx.h">
      <Filter>Header Files</Filter>
    </ClInclude>
    <ClInclude Include="TanWizardDlg.h">
      <Filter>Header Files</Filter>
    </ClInclude>
    <ClInclude Include="UpdateInfoDlg.h">
      <Filter>Header Files</Filter>
    </ClInclude>
    <ClInclude Include="Util\AppLocator.h">
      <Filter>Util</Filter>
    </ClInclude>
    <ClInclude Include="Util\FileLock.h">
      <Filter>Util</Filter>
    </ClInclude>
    <ClInclude Include="Util\KeySourcesPool.h">
      <Filter>Util</Filter>
    </ClInclude>
    <ClInclude Include="Util\PrivateConfig.h">
      <Filter>Util</Filter>
    </ClInclude>
    <ClInclude Include="Util\PrivateConfigEx.h">
      <Filter>Util</Filter>
    </ClInclude>
    <ClInclude Include="Util\RemoteControl.h">
      <Filter>Util</Filter>
    </ClInclude>
    <ClInclude Include="Util\RestartManagerEx.h">
      <Filter>Util</Filter>
    </ClInclude>
    <ClInclude Include="Util\SendKeys.h">
      <Filter>Util</Filter>
    </ClInclude>
    <ClInclude Include="Util\SendKeysEx.h">
      <Filter>Util</Filter>
    </ClInclude>
    <ClInclude Include="Util\SessionNotify.h">
      <Filter>Util</Filter>
    </ClInclude>
    <ClInclude Include="Util\ShutdownBlocker.h">
      <Filter>Util</Filter>
    </ClInclude>
    <ClInclude Include="Util\SInstance.h">
      <Filter>Util</Filter>
    </ClInclude>
    <ClInclude Include="Util\UpdateCheck.h">
      <Filter>Util</Filter>
    </ClInclude>
    <ClInclude Include="Util\UpdateCheckEx.h">
      <Filter>Util</Filter>
    </ClInclude>
    <ClInclude Include="Util\VersionInfo.h">
      <Filter>Util</Filter>
    </ClInclude>
    <ClInclude Include="Util\WinUtil.h">
      <Filter>Util</Filter>
    </ClInclude>
    <ClInclude Include="Util\CmdLine\CmdArgs.h">
      <Filter>Util\CmdLine</Filter>
    </ClInclude>
    <ClInclude Include="Util\CmdLine\CommandLineOption.h">
      <Filter>Util\CmdLine</Filter>
    </ClInclude>
    <ClInclude Include="Util\CmdLine\CommandLineTokens.h">
      <Filter>Util\CmdLine</Filter>
    </ClInclude>
    <ClInclude Include="Util\CmdLine\Executable.h">
      <Filter>Util\CmdLine</Filter>
    </ClInclude>
    <ClInclude Include="Util\CmdLine\FullPathName.h">
      <Filter>Util\CmdLine</Filter>
    </ClInclude>
    <ClInclude Include="Util\SprEngine\SprEncoding.h">
      <Filter>Util\SprEngine</Filter>
    </ClInclude>
    <ClInclude Include="Util\SprEngine\SprEngine.h">
      <Filter>Util\SprEngine</Filter>
    </ClInclude>
    <ClInclude Include="NewGUI\AMSEdit.h">
      <Filter>NewGUI</Filter>
    </ClInclude>
    <ClInclude Include="NewGUI\AutoRichEditCtrlFx.h">
      <Filter>NewGUI</Filter>
    </ClInclude>
    <ClInclude Include="NewGUI\BCMenu.h">
      <Filter>NewGUI</Filter>
    </ClInclude>
    <ClInclude Include="NewGUI\BtnST.h">
      <Filter>NewGUI</Filter>
    </ClInclude>
    <ClInclude Include="NewGUI\ColorStaticEx.h">
      <Filter>NewGUI</Filter>
    </ClInclude>
    <ClInclude Include="NewGUI\ColourPickerXP.h">
      <Filter>NewGUI</Filter>
    </ClInclude>
    <ClInclude Include="NewGUI\CustomComboBoxEx.h">
      <Filter>NewGUI</Filter>
    </ClInclude>
    <ClInclude Include="NewGUI\CustomListCtrlEx.h">
      <Filter>NewGUI</Filter>
    </ClInclude>
    <ClInclude Include="NewGUI\CustomTreeCtrlEx.h">
      <Filter>NewGUI</Filter>
    </ClInclude>
    <ClInclude Include="NewGUI\DwmUtil.h">
      <Filter>NewGUI</Filter>
    </ClInclude>
    <ClInclude Include="NewGUI\FontUtil.h">
      <Filter>NewGUI</Filter>
    </ClInclude>
    <ClInclude Include="NewGUI\GlobalWindowManager.h">
      <Filter>NewGUI</Filter>
    </ClInclude>
    <ClInclude Include="NewGUI\GradientUtil.h">
      <Filter>NewGUI</Filter>
    </ClInclude>
    <ClInclude Include="NewGUI\ImageUtilEx.h">
      <Filter>NewGUI</Filter>
    </ClInclude>
    <ClInclude Include="NewGUI\KCSideBannerWnd.h">
      <Filter>NewGUI</Filter>
    </ClInclude>
    <ClInclude Include="NewGUI\KCWndUtil.h">
      <Filter>NewGUI</Filter>
    </ClInclude>
    <ClInclude Include="NewGUI\MemDCEx.h">
      <Filter>NewGUI</Filter>
    </ClInclude>
    <ClInclude Include="NewGUI\MsgRelayWnd.h">
      <Filter>NewGUI</Filter>
    </ClInclude>
    <ClInclude Include="NewGUI\NewColorizerEx.h">
      <Filter>NewGUI</Filter>
    </ClInclude>
    <ClInclude Include="NewGUI\NewDialogsEx.h">
      <Filter>NewGUI</Filter>
    </ClInclude>
    <ClInclude Include="NewGUI\NewGUICommon.h">
      <Filter>NewGUI</Filter>
    </ClInclude>
    <ClInclude Include="NewGUI\OptionsList.h">
      <Filter>NewGUI</Filter>
    </ClInclude>
    <ClInclude Include="NewGUI\QualityProgressCtrl.h">
      <Filter>NewGUI</Filter>
    </ClInclude>
    <ClInclude Include="NewGUI\SecureEditEx.h">
      <Filter>NewGUI</Filter>
    </ClInclude>
    <ClInclude Include="NewGUI\StatusDialogEx.h">
      <Filter>NewGUI</Filter>
    </ClInclude>
    <ClInclude Include="NewGUI\SystemTray.h">
      <Filter>NewGUI</Filter>
    </ClInclude>
    <ClInclude Include="NewGUI\SystemTrayEx.h">
      <Filter>NewGUI</Filter>
    </ClInclude>
    <ClInclude Include="NewGUI\ThemeHelperST.h">
      <Filter>NewGUI</Filter>
    </ClInclude>
    <ClInclude Include="NewGUI\WindowGroups.h">
      <Filter>NewGUI</Filter>
    </ClInclude>
    <ClInclude Include="NewGUI\XHyperLink.h">
      <Filter>NewGUI</Filter>
    </ClInclude>
    <ClInclude Include="NewGUI\XPStyleButtonST.h">
      <Filter>NewGUI</Filter>
    </ClInclude>
    <ClInclude Include="NewGUI\TaskDialog\VistaTaskDialog.h">
      <Filter>NewGUI\TaskDialog</Filter>
    </ClInclude>
    <ClInclude Include="NewGUI\TaskbarListEx\TaskbarListEx.h">
      <Filter>NewGUI\TaskbarListEx</Filter>
    </ClInclude>
    <ClInclude Include="NewGUI\TaskbarListEx\TaskbarListExIdl.h">
      <Filter>NewGUI\TaskbarListEx</Filter>
    </ClInclude>
    <ClInclude Include="NewGUI\VistaMenu\VistaMenu.h">
      <Filter>NewGUI\VistaMenu</Filter>
    </ClInclude>
    <ClInclude Include="..\KeePassLibCpp\PwCompat.h">
      <Filter>KeePassLibCpp</Filter>
    </ClInclude>
    <ClInclude Include="..\KeePassLibCpp\PwManager.h">
      <Filter>KeePassLibCpp</Filter>
    </ClInclude>
    <ClInclude Include="..\KeePassLibCpp\PwStructs.h">
      <Filter>KeePassLibCpp</Filter>
    </ClInclude>
    <ClInclude Include="..\KeePassLibCpp\PwStructsEx.h">
      <Filter>KeePassLibCpp</Filter>
    </ClInclude>
    <ClInclude Include="..\KeePassLibCpp\SysDefEx.h">
      <Filter>KeePassLibCpp</Filter>
    </ClInclude>
    <ClInclude Include="..\KeePassLibCpp\Crypto\ARCFour.h">
      <Filter>KeePassLibCpp\Crypto</Filter>
    </ClInclude>
    <ClInclude Include="..\KeePassLibCpp\Crypto\KeyTransform.h">
      <Filter>KeePassLibCpp\Crypto</Filter>
    </ClInclude>
    <ClInclude Include="..\KeePassLibCpp\Crypto\KeyTransform_BCrypt.h">
      <Filter>KeePassLibCpp\Crypto</Filter>
    </ClInclude>
    <ClInclude Include="..\KeePassLibCpp\Crypto\MemoryProtectionEx.h">
      <Filter>KeePassLibCpp\Crypto</Filter>
    </ClInclude>
    <ClInclude Include="..\KeePassLibCpp\Crypto\Rijndael.h">
      <Filter>KeePassLibCpp\Crypto</Filter>
    </ClInclude>
    <ClInclude Include="..\KeePassLibCpp\Crypto\TestImpl.h">
      <Filter>KeePassLibCpp\Crypto</Filter>
    </ClInclude>
    <ClInclude Include="..\KeePassLibCpp\Crypto\Twofish.h">
      <Filter>KeePassLibCpp\Crypto</Filter>
    </ClInclude>
    <ClInclude Include="..\KeePassLibCpp\Crypto\TwofishClass.h">
      <Filter>KeePassLibCpp\Crypto</Filter>
    </ClInclude>
    <ClInclude Include="..\KeePassLibCpp\Crypto\SHA2\EDefs.h">
      <Filter>KeePassLibCpp\Crypto\SHA2</Filter>
    </ClInclude>
    <ClInclude Include="..\KeePassLibCpp\Crypto\SHA2\SHA2.h">
      <Filter>KeePassLibCpp\Crypto\SHA2</Filter>
    </ClInclude>
    <ClInclude Include="..\KeePassLibCpp\Crypto\SHA2\TDefs.h">
      <Filter>KeePassLibCpp\Crypto\SHA2</Filter>
    </ClInclude>
    <ClInclude Include="..\KeePassLibCpp\SysSpec_Windows\SysSpecWin.h">
      <Filter>KeePassLibCpp\SysSpec_Windows</Filter>
    </ClInclude>
    <ClInclude Include="..\KeePassLibCpp\DataExchange\PwExport.h">
      <Filter>KeePassLibCpp\DataExchange</Filter>
    </ClInclude>
    <ClInclude Include="..\KeePassLibCpp\DataExchange\PwImport.h">
      <Filter>KeePassLibCpp\DataExchange</Filter>
    </ClInclude>
    <ClInclude Include="..\KeePassLibCpp\Util\AppUtil.h">
      <Filter>KeePassLibCpp\Util</Filter>
    </ClInclude>
    <ClInclude Include="..\KeePassLibCpp\Util\Base64.h">
      <Filter>KeePassLibCpp\Util</Filter>
    </ClInclude>
    <ClInclude Include="..\KeePassLibCpp\Util\ComUtil.h">
      <Filter>KeePassLibCpp\Util</Filter>
    </ClInclude>
    <ClInclude Include="..\KeePassLibCpp\Util\EntryUtil.h">
      <Filter>KeePassLibCpp\Util</Filter>
    </ClInclude>
    <ClInclude Include="..\KeePassLibCpp\Util\FileTransactionEx.h">
      <Filter>KeePassLibCpp\Util</Filter>
    </ClInclude>
    <ClInclude Include="..\KeePassLibCpp\Util\MemUtil.h">
      <Filter>KeePassLibCpp\Util</Filter>
    </ClInclude>
    <ClInclude Include="..\KeePassLibCpp\Util\NewRandom.h">
      <Filter>KeePassLibCpp\Util</Filter>
    </ClInclude>
    <ClInclude Include="..\KeePassLibCpp\Util\PopularPasswords.h">
      <Filter>KeePassLibCpp\Util</Filter>
    </ClInclude>
    <ClInclude Include="..\KeePassLibCpp\Util\PwQualityEst.h">
      <Filter>KeePassLibCpp\Util</Filter>
    </ClInclude>
    <ClInclude Include="..\KeePassLibCpp\Util\PwUtil.h">
      <Filter>KeePassLibCpp\Util</Filter>
    </ClInclude>
    <ClInclude Include="..\KeePassLibCpp\Util\StrUtil.h">
      <Filter>KeePassLibCpp\Util</Filter>
    </ClInclude>
    <ClInclude Include="..\KeePassLibCpp\Util\TranslateEx.h">
      <Filter>KeePassLibCpp\Util</Filter>
    </ClInclude>
    <ClInclude Include="..\KeePassLibCpp\PasswordGenerator\CharSetBasedGenerator.h">
      <Filter>KeePassLibCpp\PasswordGenerator</Filter>
    </ClInclude>
    <ClInclude Include="..\KeePassLibCpp\PasswordGenerator\PasswordGenerator.h">
      <Filter>KeePassLibCpp\PasswordGenerator</Filter>
    </ClInclude>
    <ClInclude Include="..\KeePassLibCpp\PasswordGenerator\PatternBasedGenerator.h">
      <Filter>KeePassLibCpp\PasswordGenerator</Filter>
    </ClInclude>
    <ClInclude Include="..\KeePassLibCpp\PasswordGenerator\PwCharSet.h">
      <Filter>KeePassLibCpp\PasswordGenerator</Filter>
    </ClInclude>
    <ClInclude Include="..\KeePassLibCpp\Details\PwCompatImpl.h">
      <Filter>KeePassLibCpp\Details</Filter>
    </ClInclude>
    <ClInclude Include="..\KeePassLibCpp\SDK\KpSDK.h">
      <Filter>KeePassLibCpp\SDK</Filter>
    </ClInclude>
    <ClInclude Include="..\KeePassLibCpp\SDK\Details\IKpAPI.h">
      <Filter>KeePassLibCpp\SDK\Details</Filter>
    </ClInclude>
    <ClInclude Include="..\KeePassLibCpp\SDK\Details\IKpAPI2.h">
      <Filter>KeePassLibCpp\SDK\Details</Filter>
    </ClInclude>
    <ClInclude Include="..\KeePassLibCpp\SDK\Details\IKpAPI3.h">
      <Filter>KeePassLibCpp\SDK\Details</Filter>
    </ClInclude>
    <ClInclude Include="..\KeePassLibCpp\SDK\Details\IKpCommandLine.h">
      <Filter>KeePassLibCpp\SDK\Details</Filter>
    </ClInclude>
    <ClInclude Include="..\KeePassLibCpp\SDK\Details\IKpCommandLineOption.h">
      <Filter>KeePassLibCpp\SDK\Details</Filter>
    </ClInclude>
    <ClInclude Include="..\KeePassLibCpp\SDK\Details\IKpConfig.h">
      <Filter>KeePassLibCpp\SDK\Details</Filter>
    </ClInclude>
    <ClInclude Include="..\KeePassLibCpp\SDK\Details\IKpDatabase.h">
      <Filter>KeePassLibCpp\SDK\Details</Filter>
    </ClInclude>
    <ClInclude Include="..\KeePassLibCpp\SDK\Details\IKpFileTransaction.h">
      <Filter>KeePassLibCpp\SDK\Details</Filter>
    </ClInclude>
    <ClInclude Include="..\KeePassLibCpp\SDK\Details\IKpFullPathName.h">
      <Filter>KeePassLibCpp\SDK\Details</Filter>
    </ClInclude>
    <ClInclude Include="..\KeePassLibCpp\SDK\Details\IKpPlugin.h">
      <Filter>KeePassLibCpp\SDK\Details</Filter>
    </ClInclude>
    <ClInclude Include="..\KeePassLibCpp\SDK\Details\IKpUnknown.h">
      <Filter>KeePassLibCpp\SDK\Details</Filter>
    </ClInclude>
    <ClInclude Include="..\KeePassLibCpp\SDK\Details\IKpUtilities.h">
      <Filter>KeePassLibCpp\SDK\Details</Filter>
    </ClInclude>
    <ClInclude Include="..\KeePassLibCpp\SDK\Details\KpDefs.h">
      <Filter>KeePassLibCpp\SDK\Details</Filter>
    </ClInclude>
    <ClInclude Include="..\KeePassLibCpp\SDK\Details\KpGuids.h">
      <Filter>KeePassLibCpp\SDK\Details</Filter>
    </ClInclude>
    <ClInclude Include="..\KeePassLibCpp\IO\KpInternetStream.h">
      <Filter>KeePassLibCpp\IO</Filter>
    </ClInclude>
    <ClInclude Include="..\KeePassLibCpp\IO\KpMemoryStream.h">
      <Filter>KeePassLibCpp\IO</Filter>
    </ClInclude>
    <ClInclude Include="..\KeePassLibCpp\IO\KpStream.h">
      <Filter>KeePassLibCpp\IO</Filter>
    </ClInclude>
    <ClInclude Include="Plugins\KpApiImpl.h">
      <Filter>Plugins</Filter>
    </ClInclude>
    <ClInclude Include="Plugins\KpCommandLineImpl.h">
      <Filter>Plugins</Filter>
    </ClInclude>
    <ClInclude Include="Plugins\KpCommandLineOptionImpl.h">
      <Filter>Plugins</Filter>
    </ClInclude>
    <ClInclude Include="Plugins\KpDatabaseImpl.h">
      <Filter>Plugins</Filter>
    </ClInclude>
    <ClInclude Include="Plugins\KpFileTransactionImpl.h">
      <Filter>Plugins</Filter>
    </ClInclude>
    <ClInclude Include="Plugins\KpFullPathNameImpl.h">
      <Filter>Plugins</Filter>
    </ClInclude>
    <ClInclude Include="Plugins\KpUtilitiesImpl.h">
      <Filter>Plugins</Filter>
    </ClInclude>
    <ClInclude Include="Plugins\PluginMgr.h">
      <Filter>Plugins</Filter>
    </ClInclude>
  </ItemGroup>
  <ItemGroup>
    <Image Include="res\autotype.bmp">
      <Filter>Resource Files</Filter>
    </Image>
    <Image Include="res\cancel.bmp">
      <Filter>Resource Files</Filter>
    </Image>
    <Image Include="res\clienticex.bmp">
      <Filter>Resource Files</Filter>
    </Image>
    <Image Include="res\clock.bmp">
      <Filter>Resource Files</Filter>
    </Image>
    <Image Include="res\disk.bmp">
      <Filter>Resource Files</Filter>
    </Image>
    <Image Include="res\document.bmp">
      <Filter>Resource Files</Filter>
    </Image>
    <Image Include="res\entry_ed.ico">
      <Filter>Resource Files</Filter>
    </Image>
    <Image Include="res\file.bmp">
      <Filter>Resource Files</Filter>
    </Image>
    <Image Include="res\help_sma.bmp">
      <Filter>Resource Files</Filter>
    </Image>
    <Image Include="res\help_smp.bmp">
      <Filter>Resource Files</Filter>
    </Image>
    <Image Include="res\iconpic.ico">
      <Filter>Resource Files</Filter>
    </Image>
    <Image Include="res\infoicon.bmp">
      <Filter>Resource Files</Filter>
    </Image>
    <Image Include="res\infoiconex.bmp">
      <Filter>Resource Files</Filter>
    </Image>
    <Image Include="res\KeePass.png">
      <Filter>Resource Files</Filter>
    </Image>
    <Image Include="res\key.ico">
      <Filter>Resource Files</Filter>
    </Image>
    <Image Include="res\key_smal.bmp">
      <Filter>Resource Files</Filter>
    </Image>
    <Image Include="res\keyhole.ico">
      <Filter>Resource Files</Filter>
    </Image>
    <Image Include="res\language.bmp">
      <Filter>Resource Files</Filter>
    </Image>
    <Image Include="res\lock_ovr.ico">
      <Filter>Resource Files</Filter>
    </Image>
    <Image Include="res\locked.ico">
      <Filter>Resource Files</Filter>
    </Image>
    <Image Include="res\mouse_sm.bmp">
      <Filter>Resource Files</Filter>
    </Image>
    <Image Include="res\ok.bmp">
      <Filter>Resource Files</Filter>
    </Image>
    <Image Include="res\optionicex.bmp">
      <Filter>Resource Files</Filter>
    </Image>
    <Image Include="res\options.ico">
      <Filter>Resource Files</Filter>
    </Image>
    <Image Include="res\plugins.ico">
      <Filter>Resource Files</Filter>
    </Image>
    <Image Include="res\PwSafe.ico">
      <Filter>Resource Files</Filter>
    </Image>
    <Image Include="res\random_b.bmp">
      <Filter>Resource Files</Filter>
    </Image>
    <Image Include="res\randomke.bmp">
      <Filter>Resource Files</Filter>
    </Image>
    <Image Include="res\search.ico">
      <Filter>Resource Files</Filter>
    </Image>
    <Image Include="res\tb_about.bmp">
      <Filter>Resource Files</Filter>
    </Image>
    <Image Include="res\tb_adden.bmp">
      <Filter>Resource Files</Filter>
    </Image>
    <Image Include="res\tb_copyp.bmp">
      <Filter>Resource Files</Filter>
    </Image>
    <Image Include="res\tb_copyu.bmp">
      <Filter>Resource Files</Filter>
    </Image>
    <Image Include="res\tb_defau.bmp">
      <Filter>Resource Files</Filter>
    </Image>
    <Image Include="res\tb_delet.bmp">
      <Filter>Resource Files</Filter>
    </Image>
    <Image Include="res\tb_edite.bmp">
      <Filter>Resource Files</Filter>
    </Image>
    <Image Include="res\tb_find.bmp">
      <Filter>Resource Files</Filter>
    </Image>
    <Image Include="res\tb_lock.bmp">
      <Filter>Resource Files</Filter>
    </Image>
    <Image Include="res\tb_new.bmp">
      <Filter>Resource Files</Filter>
    </Image>
    <Image Include="res\tb_open.bmp">
      <Filter>Resource Files</Filter>
    </Image>
    <Image Include="res\tb_save.bmp">
      <Filter>Resource Files</Filter>
    </Image>
    <Image Include="res\tb_save1.bmp">
      <Filter>Resource Files</Filter>
    </Image>
    <Image Include="res\tb_saved.bmp">
      <Filter>Resource Files</Filter>
    </Image>
    <Image Include="res\toolssma.bmp">
      <Filter>Resource Files</Filter>
    </Image>
    <Image Include="res\unlocked.ico">
      <Filter>Resource Files</Filter>
    </Image>
    <Image Include="res\winprops.bmp">
      <Filter>Resource Files</Filter>
    </Image>
    <Image Include="res\world.ico">
      <Filter>Resource Files</Filter>
    </Image>
  </ItemGroup>
  <ItemGroup>
    <None Include="res\MostPopularPasswords.bin">
      <Filter>Resource Files</Filter>
    </None>
    <None Include="res\PwSafe.rc2">
      <Filter>Resource Files</Filter>
    </None>
  </ItemGroup>
</Project>